
Microsoft Visual Studio Solution File, Format Version 12.00
# Visual Studio Version 17
VisualStudioVersion = 17.4.33122.133
MinimumVisualStudioVersion = 10.0.40219.1
Project("{FAE04EC0-301F-11D3-BF4B-00C04F79EFBC}") = "xml2json", "xml2json\xml2json.csproj", "{A64B47FC-F79B-4F7C-BD04-F8CE93559871}"
EndProject
Global
	GlobalSection(SolutionConfigurationPlatforms) = preSolution
		Debug|Any CPU = Debug|Any CPU
		Release|Any CPU = Release|Any CPU
	EndGlobalSection
	GlobalSection(ProjectConfigurationPlatforms) = postSolution
		{A64B47FC-F79B-4F7C-BD04-F8CE93559871}.Debug|Any CPU.ActiveCfg = Debug|Any CPU
		{A64B47FC-F79B-4F7C-BD04-F8CE93559871}.Debug|Any CPU.Build.0 = Debug|Any CPU
		{A64B47FC-F79B-4F7C-BD04-F8CE93559871}.Release|Any CPU.ActiveCfg = Release|Any CPU
		{A64B47FC-F79B-4F7C-BD04-F8CE93559871}.Release|Any CPU.Build.0 = Release|Any CPU
	EndGlobalSection
	GlobalSection(SolutionProperties) = preSolution
		HideSolutionNode = FALSE
	EndGlobalSection
	GlobalSection(ExtensibilityGlobals) = postSolution
		SolutionGuid = {7F561B9B-1D33-4B0E-90E9-0FF82CFCE1CE}
	EndGlobalSection
EndGlobal
